
Microsoft Visual Studio Solution File, Format Version 12.00
# Visual Studio Version 16
VisualStudioVersion = 16.0.30114.105
MinimumVisualStudioVersion = 10.0.40219.1
Project("{2150E333-8FDC-42A3-9474-1A3956D46DE8}") = "Services", "Services", "{E675FD85-78E8-4935-BB57-D61D5152DFCD}"
EndProject
Project("{2150E333-8FDC-42A3-9474-1A3956D46DE8}") = "Catalog", "Catalog", "{D276E8DB-62FF-485C-BB20-C2367148AD2A}"
EndProject
Project("{9A19103F-16F7-4668-BE54-9A1E7A4F7556}") = "Catalog.API", "Services\Catalog\Catalog.API\Catalog.API.csproj", "{D4665F07-EFA4-4433-BACF-98B97DC15926}"
EndProject
Project("{E53339B2-1760-4266-BCC7-CA923CBCF16C}") = "docker-compose", "docker-compose.dcproj", "{F0D918CA-15F1-4D8A-ADEF-AB853B05BF5D}"
EndProject
Project("{2150E333-8FDC-42A3-9474-1A3956D46DE8}") = "Basket", "Basket", "{5DE06734-0BDA-4D10-9FB8-A624EB7E664F}"
EndProject
Project("{9A19103F-16F7-4668-BE54-9A1E7A4F7556}") = "Basket.API", "Services\Basket\Basket.API\Basket.API.csproj", "{70D6B583-CC00-4465-BF6C-373E06256AB4}"
EndProject
Project("{2150E333-8FDC-42A3-9474-1A3956D46DE8}") = "Discount", "Discount", "{B964E903-D857-4E60-978A-45A5C873AFE0}"
EndProject
Project("{9A19103F-16F7-4668-BE54-9A1E7A4F7556}") = "Discount.API", "Services\Discount\Discount.API\Discount.API.csproj", "{4925084B-CCED-4A31-8F04-D5607EB0AF0B}"
EndProject
Project("{9A19103F-16F7-4668-BE54-9A1E7A4F7556}") = "Discount.Grpc", "Services\Discount\Discount.Grpc\Discount.Grpc.csproj", "{180FE9D1-92E5-48AA-BC16-B3A96F609972}"
EndProject
Project("{2150E333-8FDC-42A3-9474-1A3956D46DE8}") = "Ordering", "Ordering", "{F73547BD-CCF2-40CE-92C2-D2C71919C678}"
EndProject
Project("{9A19103F-16F7-4668-BE54-9A1E7A4F7556}") = "Ordering.API", "Services\Ordering\Ordering.API\Ordering.API.csproj", "{75B5E9E0-F2C8-4A8F-B2F6-DD804A87069B}"
EndProject
Project("{9A19103F-16F7-4668-BE54-9A1E7A4F7556}") = "Ordering.Domain", "Services\Ordering\Ordering.Domain\Ordering.Domain.csproj", "{785D8FDB-9CA9-427F-96C9-C9468A5C8666}"
EndProject
Project("{9A19103F-16F7-4668-BE54-9A1E7A4F7556}") = "Ordering.Application", "Services\Ordering\Ordering.Application\Ordering.Application.csproj", "{CA491F67-20FD-4F34-9327-BEB2AB86DAAA}"
EndProject
Project("{9A19103F-16F7-4668-BE54-9A1E7A4F7556}") = "Ordering.Infrastructure", "Services\Ordering\Ordering.Infrastructure\Ordering.Infrastructure.csproj", "{E6359E91-5276-4EFA-816D-5C968582F0DB}"
EndProject
Project("{2150E333-8FDC-42A3-9474-1A3956D46DE8}") = "BuildingBlocks", "BuildingBlocks", "{CA21A556-BDED-415A-8C29-994F58D319CF}"
EndProject
Project("{9A19103F-16F7-4668-BE54-9A1E7A4F7556}") = "EventBus.Messages", "BuildingBlocks\EventBus.Messages\EventBus.Messages.csproj", "{E86C0E86-5534-4441-B555-61DB4696E0B3}"
EndProject
Project("{2150E333-8FDC-42A3-9474-1A3956D46DE8}") = "ApiGateways", "ApiGateways", "{C2DB696D-ACDC-44F9-9AAC-CAAEA56DF91D}"
EndProject
Project("{FAE04EC0-301F-11D3-BF4B-00C04F79EFBC}") = "OceloteApiGw", "ApiGateways\OceloteApiGw\OceloteApiGw.csproj", "{A7A40962-4991-4998-AFA2-7D450C6A7785}"
EndProject
Global
	GlobalSection(SolutionConfigurationPlatforms) = preSolution
		Debug|Any CPU = Debug|Any CPU
		Debug|x64 = Debug|x64
		Debug|x86 = Debug|x86
		Release|Any CPU = Release|Any CPU
		Release|x64 = Release|x64
		Release|x86 = Release|x86
	EndGlobalSection
	GlobalSection(ProjectConfigurationPlatforms) = postSolution
		{D4665F07-EFA4-4433-BACF-98B97DC15926}.Debug|Any CPU.ActiveCfg = Debug|Any CPU
		{D4665F07-EFA4-4433-BACF-98B97DC15926}.Debug|Any CPU.Build.0 = Debug|Any CPU
		{D4665F07-EFA4-4433-BACF-98B97DC15926}.Debug|x64.ActiveCfg = Debug|Any CPU
		{D4665F07-EFA4-4433-BACF-98B97DC15926}.Debug|x64.Build.0 = Debug|Any CPU
		{D4665F07-EFA4-4433-BACF-98B97DC15926}.Debug|x86.ActiveCfg = Debug|Any CPU
		{D4665F07-EFA4-4433-BACF-98B97DC15926}.Debug|x86.Build.0 = Debug|Any CPU
		{D4665F07-EFA4-4433-BACF-98B97DC15926}.Release|Any CPU.ActiveCfg = Release|Any CPU
		{D4665F07-EFA4-4433-BACF-98B97DC15926}.Release|Any CPU.Build.0 = Release|Any CPU
		{D4665F07-EFA4-4433-BACF-98B97DC15926}.Release|x64.ActiveCfg = Release|Any CPU
		{D4665F07-EFA4-4433-BACF-98B97DC15926}.Release|x64.Build.0 = Release|Any CPU
		{D4665F07-EFA4-4433-BACF-98B97DC15926}.Release|x86.ActiveCfg = Release|Any CPU
		{D4665F07-EFA4-4433-BACF-98B97DC15926}.Release|x86.Build.0 = Release|Any CPU
		{F0D918CA-15F1-4D8A-ADEF-AB853B05BF5D}.Debug|Any CPU.ActiveCfg = Debug|Any CPU
		{F0D918CA-15F1-4D8A-ADEF-AB853B05BF5D}.Debug|Any CPU.Build.0 = Debug|Any CPU
		{F0D918CA-15F1-4D8A-ADEF-AB853B05BF5D}.Debug|x64.ActiveCfg = Debug|Any CPU
		{F0D918CA-15F1-4D8A-ADEF-AB853B05BF5D}.Debug|x64.Build.0 = Debug|Any CPU
		{F0D918CA-15F1-4D8A-ADEF-AB853B05BF5D}.Debug|x86.ActiveCfg = Debug|Any CPU
		{F0D918CA-15F1-4D8A-ADEF-AB853B05BF5D}.Debug|x86.Build.0 = Debug|Any CPU
		{F0D918CA-15F1-4D8A-ADEF-AB853B05BF5D}.Release|Any CPU.ActiveCfg = Release|Any CPU
		{F0D918CA-15F1-4D8A-ADEF-AB853B05BF5D}.Release|Any CPU.Build.0 = Release|Any CPU
		{F0D918CA-15F1-4D8A-ADEF-AB853B05BF5D}.Release|x64.ActiveCfg = Release|Any CPU
		{F0D918CA-15F1-4D8A-ADEF-AB853B05BF5D}.Release|x64.Build.0 = Release|Any CPU
		{F0D918CA-15F1-4D8A-ADEF-AB853B05BF5D}.Release|x86.ActiveCfg = Release|Any CPU
		{F0D918CA-15F1-4D8A-ADEF-AB853B05BF5D}.Release|x86.Build.0 = Release|Any CPU
		{70D6B583-CC00-4465-BF6C-373E06256AB4}.Debug|Any CPU.ActiveCfg = Debug|Any CPU
		{70D6B583-CC00-4465-BF6C-373E06256AB4}.Debug|Any CPU.Build.0 = Debug|Any CPU
		{70D6B583-CC00-4465-BF6C-373E06256AB4}.Debug|x64.ActiveCfg = Debug|Any CPU
		{70D6B583-CC00-4465-BF6C-373E06256AB4}.Debug|x64.Build.0 = Debug|Any CPU
		{70D6B583-CC00-4465-BF6C-373E06256AB4}.Debug|x86.ActiveCfg = Debug|Any CPU
		{70D6B583-CC00-4465-BF6C-373E06256AB4}.Debug|x86.Build.0 = Debug|Any CPU
		{70D6B583-CC00-4465-BF6C-373E06256AB4}.Release|Any CPU.ActiveCfg = Release|Any CPU
		{70D6B583-CC00-4465-BF6C-373E06256AB4}.Release|Any CPU.Build.0 = Release|Any CPU
		{70D6B583-CC00-4465-BF6C-373E06256AB4}.Release|x64.ActiveCfg = Release|Any CPU
		{70D6B583-CC00-4465-BF6C-373E06256AB4}.Release|x64.Build.0 = Release|Any CPU
		{70D6B583-CC00-4465-BF6C-373E06256AB4}.Release|x86.ActiveCfg = Release|Any CPU
		{70D6B583-CC00-4465-BF6C-373E06256AB4}.Release|x86.Build.0 = Release|Any CPU
		{4925084B-CCED-4A31-8F04-D5607EB0AF0B}.Debug|Any CPU.ActiveCfg = Debug|Any CPU
		{4925084B-CCED-4A31-8F04-D5607EB0AF0B}.Debug|Any CPU.Build.0 = Debug|Any CPU
		{4925084B-CCED-4A31-8F04-D5607EB0AF0B}.Debug|x64.ActiveCfg = Debug|Any CPU
		{4925084B-CCED-4A31-8F04-D5607EB0AF0B}.Debug|x64.Build.0 = Debug|Any CPU
		{4925084B-CCED-4A31-8F04-D5607EB0AF0B}.Debug|x86.ActiveCfg = Debug|Any CPU
		{4925084B-CCED-4A31-8F04-D5607EB0AF0B}.Debug|x86.Build.0 = Debug|Any CPU
		{4925084B-CCED-4A31-8F04-D5607EB0AF0B}.Release|Any CPU.ActiveCfg = Release|Any CPU
		{4925084B-CCED-4A31-8F04-D5607EB0AF0B}.Release|Any CPU.Build.0 = Release|Any CPU
		{4925084B-CCED-4A31-8F04-D5607EB0AF0B}.Release|x64.ActiveCfg = Release|Any CPU
		{4925084B-CCED-4A31-8F04-D5607EB0AF0B}.Release|x64.Build.0 = Release|Any CPU
		{4925084B-CCED-4A31-8F04-D5607EB0AF0B}.Release|x86.ActiveCfg = Release|Any CPU
		{4925084B-CCED-4A31-8F04-D5607EB0AF0B}.Release|x86.Build.0 = Release|Any CPU
		{180FE9D1-92E5-48AA-BC16-B3A96F609972}.Debug|Any CPU.ActiveCfg = Debug|Any CPU
		{180FE9D1-92E5-48AA-BC16-B3A96F609972}.Debug|Any CPU.Build.0 = Debug|Any CPU
		{180FE9D1-92E5-48AA-BC16-B3A96F609972}.Debug|x64.ActiveCfg = Debug|Any CPU
		{180FE9D1-92E5-48AA-BC16-B3A96F609972}.Debug|x64.Build.0 = Debug|Any CPU
		{180FE9D1-92E5-48AA-BC16-B3A96F609972}.Debug|x86.ActiveCfg = Debug|Any CPU
		{180FE9D1-92E5-48AA-BC16-B3A96F609972}.Debug|x86.Build.0 = Debug|Any CPU
		{180FE9D1-92E5-48AA-BC16-B3A96F609972}.Release|Any CPU.ActiveCfg = Release|Any CPU
		{180FE9D1-92E5-48AA-BC16-B3A96F609972}.Release|Any CPU.Build.0 = Release|Any CPU
		{180FE9D1-92E5-48AA-BC16-B3A96F609972}.Release|x64.ActiveCfg = Release|Any CPU
		{180FE9D1-92E5-48AA-BC16-B3A96F609972}.Release|x64.Build.0 = Release|Any CPU
		{180FE9D1-92E5-48AA-BC16-B3A96F609972}.Release|x86.ActiveCfg = Release|Any CPU
		{180FE9D1-92E5-48AA-BC16-B3A96F609972}.Release|x86.Build.0 = Release|Any CPU
		{75B5E9E0-F2C8-4A8F-B2F6-DD804A87069B}.Debug|Any CPU.ActiveCfg = Debug|Any CPU
		{75B5E9E0-F2C8-4A8F-B2F6-DD804A87069B}.Debug|Any CPU.Build.0 = Debug|Any CPU
		{75B5E9E0-F2C8-4A8F-B2F6-DD804A87069B}.Debug|x64.ActiveCfg = Debug|Any CPU
		{75B5E9E0-F2C8-4A8F-B2F6-DD804A87069B}.Debug|x64.Build.0 = Debug|Any CPU
		{75B5E9E0-F2C8-4A8F-B2F6-DD804A87069B}.Debug|x86.ActiveCfg = Debug|Any CPU
		{75B5E9E0-F2C8-4A8F-B2F6-DD804A87069B}.Debug|x86.Build.0 = Debug|Any CPU
		{75B5E9E0-F2C8-4A8F-B2F6-DD804A87069B}.Release|Any CPU.ActiveCfg = Release|Any CPU
		{75B5E9E0-F2C8-4A8F-B2F6-DD804A87069B}.Release|Any CPU.Build.0 = Release|Any CPU
		{75B5E9E0-F2C8-4A8F-B2F6-DD804A87069B}.Release|x64.ActiveCfg = Release|Any CPU
		{75B5E9E0-F2C8-4A8F-B2F6-DD804A87069B}.Release|x64.Build.0 = Release|Any CPU
		{75B5E9E0-F2C8-4A8F-B2F6-DD804A87069B}.Release|x86.ActiveCfg = Release|Any CPU
		{75B5E9E0-F2C8-4A8F-B2F6-DD804A87069B}.Release|x86.Build.0 = Release|Any CPU
		{785D8FDB-9CA9-427F-96C9-C9468A5C8666}.Debug|Any CPU.ActiveCfg = Debug|Any CPU
		{785D8FDB-9CA9-427F-96C9-C9468A5C8666}.Debug|Any CPU.Build.0 = Debug|Any CPU
		{785D8FDB-9CA9-427F-96C9-C9468A5C8666}.Debug|x64.ActiveCfg = Debug|Any CPU
		{785D8FDB-9CA9-427F-96C9-C9468A5C8666}.Debug|x64.Build.0 = Debug|Any CPU
		{785D8FDB-9CA9-427F-96C9-C9468A5C8666}.Debug|x86.ActiveCfg = Debug|Any CPU
		{785D8FDB-9CA9-427F-96C9-C9468A5C8666}.Debug|x86.Build.0 = Debug|Any CPU
		{785D8FDB-9CA9-427F-96C9-C9468A5C8666}.Release|Any CPU.ActiveCfg = Release|Any CPU
		{785D8FDB-9CA9-427F-96C9-C9468A5C8666}.Release|Any CPU.Build.0 = Release|Any CPU
		{785D8FDB-9CA9-427F-96C9-C9468A5C8666}.Release|x64.ActiveCfg = Release|Any CPU
		{785D8FDB-9CA9-427F-96C9-C9468A5C8666}.Release|x64.Build.0 = Release|Any CPU
		{785D8FDB-9CA9-427F-96C9-C9468A5C8666}.Release|x86.ActiveCfg = Release|Any CPU
		{785D8FDB-9CA9-427F-96C9-C9468A5C8666}.Release|x86.Build.0 = Release|Any CPU
		{CA491F67-20FD-4F34-9327-BEB2AB86DAAA}.Debug|Any CPU.ActiveCfg = Debug|Any CPU
		{CA491F67-20FD-4F34-9327-BEB2AB86DAAA}.Debug|Any CPU.Build.0 = Debug|Any CPU
		{CA491F67-20FD-4F34-9327-BEB2AB86DAAA}.Debug|x64.ActiveCfg = Debug|Any CPU
		{CA491F67-20FD-4F34-9327-BEB2AB86DAAA}.Debug|x64.Build.0 = Debug|Any CPU
		{CA491F67-20FD-4F34-9327-BEB2AB86DAAA}.Debug|x86.ActiveCfg = Debug|Any CPU
		{CA491F67-20FD-4F34-9327-BEB2AB86DAAA}.Debug|x86.Build.0 = Debug|Any CPU
		{CA491F67-20FD-4F34-9327-BEB2AB86DAAA}.Release|Any CPU.ActiveCfg = Release|Any CPU
		{CA491F67-20FD-4F34-9327-BEB2AB86DAAA}.Release|Any CPU.Build.0 = Release|Any CPU
		{CA491F67-20FD-4F34-9327-BEB2AB86DAAA}.Release|x64.ActiveCfg = Release|Any CPU
		{CA491F67-20FD-4F34-9327-BEB2AB86DAAA}.Release|x64.Build.0 = Release|Any CPU
		{CA491F67-20FD-4F34-9327-BEB2AB86DAAA}.Release|x86.ActiveCfg = Release|Any CPU
		{CA491F67-20FD-4F34-9327-BEB2AB86DAAA}.Release|x86.Build.0 = Release|Any CPU
		{E6359E91-5276-4EFA-816D-5C968582F0DB}.Debug|Any CPU.ActiveCfg = Debug|Any CPU
		{E6359E91-5276-4EFA-816D-5C968582F0DB}.Debug|Any CPU.Build.0 = Debug|Any CPU
		{E6359E91-5276-4EFA-816D-5C968582F0DB}.Debug|x64.ActiveCfg = Debug|Any CPU
		{E6359E91-5276-4EFA-816D-5C968582F0DB}.Debug|x64.Build.0 = Debug|Any CPU
		{E6359E91-5276-4EFA-816D-5C968582F0DB}.Debug|x86.ActiveCfg = Debug|Any CPU
		{E6359E91-5276-4EFA-816D-5C968582F0DB}.Debug|x86.Build.0 = Debug|Any CPU
		{E6359E91-5276-4EFA-816D-5C968582F0DB}.Release|Any CPU.ActiveCfg = Release|Any CPU
		{E6359E91-5276-4EFA-816D-5C968582F0DB}.Release|Any CPU.Build.0 = Release|Any CPU
		{E6359E91-5276-4EFA-816D-5C968582F0DB}.Release|x64.ActiveCfg = Release|Any CPU
		{E6359E91-5276-4EFA-816D-5C968582F0DB}.Release|x64.Build.0 = Release|Any CPU
		{E6359E91-5276-4EFA-816D-5C968582F0DB}.Release|x86.ActiveCfg = Release|Any CPU
		{E6359E91-5276-4EFA-816D-5C968582F0DB}.Release|x86.Build.0 = Release|Any CPU
		{E86C0E86-5534-4441-B555-61DB4696E0B3}.Debug|Any CPU.ActiveCfg = Debug|Any CPU
		{E86C0E86-5534-4441-B555-61DB4696E0B3}.Debug|Any CPU.Build.0 = Debug|Any CPU
		{E86C0E86-5534-4441-B555-61DB4696E0B3}.Debug|x64.ActiveCfg = Debug|Any CPU
		{E86C0E86-5534-4441-B555-61DB4696E0B3}.Debug|x64.Build.0 = Debug|Any CPU
		{E86C0E86-5534-4441-B555-61DB4696E0B3}.Debug|x86.ActiveCfg = Debug|Any CPU
		{E86C0E86-5534-4441-B555-61DB4696E0B3}.Debug|x86.Build.0 = Debug|Any CPU
		{E86C0E86-5534-4441-B555-61DB4696E0B3}.Release|Any CPU.ActiveCfg = Release|Any CPU
		{E86C0E86-5534-4441-B555-61DB4696E0B3}.Release|Any CPU.Build.0 = Release|Any CPU
		{E86C0E86-5534-4441-B555-61DB4696E0B3}.Release|x64.ActiveCfg = Release|Any CPU
		{E86C0E86-5534-4441-B555-61DB4696E0B3}.Release|x64.Build.0 = Release|Any CPU
		{E86C0E86-5534-4441-B555-61DB4696E0B3}.Release|x86.ActiveCfg = Release|Any CPU
		{E86C0E86-5534-4441-B555-61DB4696E0B3}.Release|x86.Build.0 = Release|Any CPU
		{A7A40962-4991-4998-AFA2-7D450C6A7785}.Debug|Any CPU.ActiveCfg = Debug|Any CPU
		{A7A40962-4991-4998-AFA2-7D450C6A7785}.Debug|Any CPU.Build.0 = Debug|Any CPU
		{A7A40962-4991-4998-AFA2-7D450C6A7785}.Debug|x64.ActiveCfg = Debug|Any CPU
		{A7A40962-4991-4998-AFA2-7D450C6A7785}.Debug|x64.Build.0 = Debug|Any CPU
		{A7A40962-4991-4998-AFA2-7D450C6A7785}.Debug|x86.ActiveCfg = Debug|Any CPU
		{A7A40962-4991-4998-AFA2-7D450C6A7785}.Debug|x86.Build.0 = Debug|Any CPU
		{A7A40962-4991-4998-AFA2-7D450C6A7785}.Release|Any CPU.ActiveCfg = Release|Any CPU
		{A7A40962-4991-4998-AFA2-7D450C6A7785}.Release|Any CPU.Build.0 = Release|Any CPU
		{A7A40962-4991-4998-AFA2-7D450C6A7785}.Release|x64.ActiveCfg = Release|Any CPU
		{A7A40962-4991-4998-AFA2-7D450C6A7785}.Release|x64.Build.0 = Release|Any CPU
		{A7A40962-4991-4998-AFA2-7D450C6A7785}.Release|x86.ActiveCfg = Release|Any CPU
		{A7A40962-4991-4998-AFA2-7D450C6A7785}.Release|x86.Build.0 = Release|Any CPU
	EndGlobalSection
	GlobalSection(SolutionProperties) = preSolution
		HideSolutionNode = FALSE
	EndGlobalSection
	GlobalSection(NestedProjects) = preSolution
		{D276E8DB-62FF-485C-BB20-C2367148AD2A} = {E675FD85-78E8-4935-BB57-D61D5152DFCD}
		{D4665F07-EFA4-4433-BACF-98B97DC15926} = {D276E8DB-62FF-485C-BB20-C2367148AD2A}
		{5DE06734-0BDA-4D10-9FB8-A624EB7E664F} = {E675FD85-78E8-4935-BB57-D61D5152DFCD}
		{70D6B583-CC00-4465-BF6C-373E06256AB4} = {5DE06734-0BDA-4D10-9FB8-A624EB7E664F}
		{B964E903-D857-4E60-978A-45A5C873AFE0} = {E675FD85-78E8-4935-BB57-D61D5152DFCD}
		{4925084B-CCED-4A31-8F04-D5607EB0AF0B} = {B964E903-D857-4E60-978A-45A5C873AFE0}
		{180FE9D1-92E5-48AA-BC16-B3A96F609972} = {B964E903-D857-4E60-978A-45A5C873AFE0}
		{F73547BD-CCF2-40CE-92C2-D2C71919C678} = {E675FD85-78E8-4935-BB57-D61D5152DFCD}
		{75B5E9E0-F2C8-4A8F-B2F6-DD804A87069B} = {F73547BD-CCF2-40CE-92C2-D2C71919C678}
		{785D8FDB-9CA9-427F-96C9-C9468A5C8666} = {F73547BD-CCF2-40CE-92C2-D2C71919C678}
		{CA491F67-20FD-4F34-9327-BEB2AB86DAAA} = {F73547BD-CCF2-40CE-92C2-D2C71919C678}
		{E6359E91-5276-4EFA-816D-5C968582F0DB} = {F73547BD-CCF2-40CE-92C2-D2C71919C678}
		{E86C0E86-5534-4441-B555-61DB4696E0B3} = {CA21A556-BDED-415A-8C29-994F58D319CF}
		{A7A40962-4991-4998-AFA2-7D450C6A7785} = {C2DB696D-ACDC-44F9-9AAC-CAAEA56DF91D}
	EndGlobalSection
	GlobalSection(ExtensibilityGlobals) = postSolution
		SolutionGuid = {35D24087-7CEA-4030-AB24-1B52A56DB98B}
	EndGlobalSection
EndGlobal
